// !$*UTF8*$!
{
	archiveVersion = 1;
	classes = {
	};
	objectVersion = 46;
	objects = {

/* Begin PBXBuildFile section */
		21251246CF7938D5A8F8DF08 /* include_juce_gui_basics.mm */ = {isa = PBXBuildFile; fileRef = 5584D878F8A108156F9F22E1; };
		2A0FD6EE9CAB3AA3C52DEE56 /* juce_serialport_iOS.cpp */ = {isa = PBXBuildFile; fileRef = 68C12A8695CC30C8C59DA8FD; };
		2B624E4D12279A5EDC25B0FD /* include_juce_events.mm */ = {isa = PBXBuildFile; fileRef = 4B630493BFABEB6CD35DEA49; };
		31ED7F7E05C93804FCAB7403 /* FrequencyEditor.cpp */ = {isa = PBXBuildFile; fileRef = 28A6D8273D83549ABB0C9DCC; };
		37BA9C5B3BE970B30F9C77D1 /* MainComponent.cpp */ = {isa = PBXBuildFile; fileRef = F9451A9C5E3F7CD4CF0380BA; };
		3F6CC18F360B057A9B661889 /* Foundation.framework */ = {isa = PBXBuildFile; fileRef = 6FD23176BCA6775D8EF0638B; };
		48C3CA93BEBCB8A4703C786B /* include_juce_graphics.mm */ = {isa = PBXBuildFile; fileRef = E59CE7D6077FD1CB364E6F6C; };
		4992F7DDF63071B00151DA1A /* ConfigPanel.cpp */ = {isa = PBXBuildFile; fileRef = C36EAE4DE54D2B2170E590AE; };
		4C4E310BB47D33ED0ABC5BBB /* Main.cpp */ = {isa = PBXBuildFile; fileRef = C063EC979C044D700B56B8D3; };
		53E7C38AD9AC91FB89BB4DAF /* IOKit.framework */ = {isa = PBXBuildFile; fileRef = 1E3A2423284A8EE8E13FF8A1; };
		798EC756B7254F657EC7DE5A /* bandEditor.cpp */ = {isa = PBXBuildFile; fileRef = 75E9CF8C83541E490E3E6E39; };
		80D2E9B092E21BAB8EC39654 /* QuartzCore.framework */ = {isa = PBXBuildFile; fileRef = 610FE3E74769BFDAEFB8AA8F; };
		8982D8859624C6E03F422333 /* BinaryData.cpp */ = {isa = PBXBuildFile; fileRef = 365EA47AD3207C4ECB4DC629; };
		94D4098F472DE69F06058E39 /* App */ = {isa = PBXBuildFile; fileRef = C335399A3C6DBF0408956F88; };
		9C5572F780866BCEBB598F5B /* Accelerate.framework */ = {isa = PBXBuildFile; fileRef = E73C1A9C1F57C940C9C4A564; };
		A1512A511E4699983C92164F /* include_juce_data_structures.mm */ = {isa = PBXBuildFile; fileRef = 6C96F4FD394E41A32264BC7F; };
		B3AC54257A2429250E99559F /* juce_serialport_Android.cpp */ = {isa = PBXBuildFile; fileRef = 7B85D3449D4A1FE041F5908F; };
		B8EFC9219B96CD0D9B1A047E /* include_juce_audio_basics.mm */ = {isa = PBXBuildFile; fileRef = 04FD75283107C53788DFCC6D; };
		BCFB7AACCB873D4DCA5BB209 /* juce_serialport_OSX.cpp */ = {isa = PBXBuildFile; fileRef = 55B7F5AF452B2C47BFB7F4F4; };
		BFE1598606677DFF28DF810A /* Cocoa.framework */ = {isa = PBXBuildFile; fileRef = E305ABB25A43C685CC41B08A; };
		E3802BD82ACF7CB046597707 /* include_juce_core.mm */ = {isa = PBXBuildFile; fileRef = F6499319290A55138B9053BD; };
		F4EBD72E3DF8B72CFE0B936D /* juce_serialport_Windows.cpp */ = {isa = PBXBuildFile; fileRef = F18E77289B0B88FF4FE390E2; };
		FECA65DE2C3E957A7B26CF6E /* RecentFilesMenuTemplate.nib */ = {isa = PBXBuildFile; fileRef = 7C679D860C30B4FC2AED45B2; };
/* End PBXBuildFile section */

/* Begin PBXFileReference section */
		04FD75283107C53788DFCC6D /* include_juce_audio_basics.mm */ /* include_juce_audio_basics.mm */ = {isa = PBXFileReference; lastKnownFileType = sourcecode.cpp.objcpp; name = include_juce_audio_basics.mm; path = ../../JuceLibraryCode/include_juce_audio_basics.mm; sourceTree = SOURCE_ROOT; };
		0552484E8C627BB9F3CE3650 /* FrequencyEditor.h */ /* FrequencyEditor.h */ = {isa = PBXFileReference; lastKnownFileType = sourcecode.c.h; name = FrequencyEditor.h; path = ../../Source/FrequencyEditor.h; sourceTree = SOURCE_ROOT; };
		06CC506C360D8996EE54F983 /* MainComponent.h */ /* MainComponent.h */ = {isa = PBXFileReference; lastKnownFileType = sourcecode.c.h; name = MainComponent.h; path = ../../Source/MainComponent.h; sourceTree = SOURCE_ROOT; };
		185267F3B7427FEFE9083C1A /* BinaryData.h */ /* BinaryData.h */ = {isa = PBXFileReference; lastKnownFileType = sourcecode.c.h; name = BinaryData.h; path = ../../JuceLibraryCode/BinaryData.h; sourceTree = SOURCE_ROOT; };
		1CEC10C2EA58AAB3F69F3D92 /* juce_audio_basics */ /* juce_audio_basics */ = {isa = PBXFileReference; lastKnownFileType = folder; name = juce_audio_basics; path = /Users/robin/Documents/code/JUCE/modules/juce_audio_basics; sourceTree = "<absolute>"; };
		1E3A2423284A8EE8E13FF8A1 /* IOKit.framework */ /* IOKit.framework */ = {isa = PBXFileReference; lastKnownFileType = wrapper.framework; name = IOKit.framework; path = System/Library/Frameworks/IOKit.framework; sourceTree = SDKROOT; };
		25025E5DB6DDED277E12B291 /* juce_core */ /* juce_core */ = {isa = PBXFileReference; lastKnownFileType = folder; name = juce_core; path = /Users/robin/Documents/code/JUCE/modules/juce_core; sourceTree = "<absolute>"; };
		28A6D8273D83549ABB0C9DCC /* FrequencyEditor.cpp */ /* FrequencyEditor.cpp */ = {isa = PBXFileReference; lastKnownFileType = sourcecode.cpp.cpp; name = FrequencyEditor.cpp; path = ../../Source/FrequencyEditor.cpp; sourceTree = SOURCE_ROOT; };
		365EA47AD3207C4ECB4DC629 /* BinaryData.cpp */ /* BinaryData.cpp */ = {isa = PBXFileReference; lastKnownFileType = sourcecode.cpp.cpp; name = BinaryData.cpp; path = ../../JuceLibraryCode/BinaryData.cpp; sourceTree = SOURCE_ROOT; };
		4B630493BFABEB6CD35DEA49 /* include_juce_events.mm */ /* include_juce_events.mm */ = {isa = PBXFileReference; lastKnownFileType = sourcecode.cpp.objcpp; name = include_juce_events.mm; path = ../../JuceLibraryCode/include_juce_events.mm; sourceTree = SOURCE_ROOT; };
		4CDB30C24D3A4A7E331175BC /* juce_gui_basics */ /* juce_gui_basics */ = {isa = PBXFileReference; lastKnownFileType = folder; name = juce_gui_basics; path = /Users/robin/Documents/code/JUCE/modules/juce_gui_basics; sourceTree = "<absolute>"; };
		5584D878F8A108156F9F22E1 /* include_juce_gui_basics.mm */ /* include_juce_gui_basics.mm */ = {isa = PBXFileReference; lastKnownFileType = sourcecode.cpp.objcpp; name = include_juce_gui_basics.mm; path = ../../JuceLibraryCode/include_juce_gui_basics.mm; sourceTree = SOURCE_ROOT; };
		55B7F5AF452B2C47BFB7F4F4 /* juce_serialport_OSX.cpp */ /* juce_serialport_OSX.cpp */ = {isa = PBXFileReference; lastKnownFileType = sourcecode.cpp.cpp; name = juce_serialport_OSX.cpp; path = ../../Source/Components/juce_serialport/juce_serialport_OSX.cpp; sourceTree = SOURCE_ROOT; };
		5C12CB2EE77B0C4C188916B6 /* JuceHeader.h */ /* JuceHeader.h */ = {isa = PBXFileReference; lastKnownFileType = sourcecode.c.h; name = JuceHeader.h; path = ../../JuceLibraryCode/JuceHeader.h; sourceTree = SOURCE_ROOT; };
		610FE3E74769BFDAEFB8AA8F /* QuartzCore.framework */ /* QuartzCore.framework */ = {isa = PBXFileReference; lastKnownFileType = wrapper.framework; name = QuartzCore.framework; path = System/Library/Frameworks/QuartzCore.framework; sourceTree = SDKROOT; };
		68C12A8695CC30C8C59DA8FD /* juce_serialport_iOS.cpp */ /* juce_serialport_iOS.cpp */ = {isa = PBXFileReference; lastKnownFileType = sourcecode.cpp.cpp; name = juce_serialport_iOS.cpp; path = ../../Source/Components/juce_serialport/juce_serialport_iOS.cpp; sourceTree = SOURCE_ROOT; };
		6C96F4FD394E41A32264BC7F /* include_juce_data_structures.mm */ /* include_juce_data_structures.mm */ = {isa = PBXFileReference; lastKnownFileType = sourcecode.cpp.objcpp; name = include_juce_data_structures.mm; path = ../../JuceLibraryCode/include_juce_data_structures.mm; sourceTree = SOURCE_ROOT; };
		6FD23176BCA6775D8EF0638B /* Foundation.framework */ /* Foundation.framework */ = {isa = PBXFileReference; lastKnownFileType = wrapper.framework; name = Foundation.framework; path = System/Library/Frameworks/Foundation.framework; sourceTree = SDKROOT; };
		71C0B5100499883F9D724FA8 /* UsbSerialHelper.java */ /* UsbSerialHelper.java */ = {isa = PBXFileReference; lastKnownFileType = file.java; name = UsbSerialHelper.java; path = ../../Source/Components/juce_serialport/com/artiphon/juce_serial/UsbSerialHelper.java; sourceTree = SOURCE_ROOT; };
		75E9CF8C83541E490E3E6E39 /* bandEditor.cpp */ /* bandEditor.cpp */ = {isa = PBXFileReference; lastKnownFileType = sourcecode.cpp.cpp; name = bandEditor.cpp; path = ../../Source/bandEditor.cpp; sourceTree = SOURCE_ROOT; };
		7B85D3449D4A1FE041F5908F /* juce_serialport_Android.cpp */ /* juce_serialport_Android.cpp */ = {isa = PBXFileReference; lastKnownFileType = sourcecode.cpp.cpp; name = juce_serialport_Android.cpp; path = ../../Source/Components/juce_serialport/juce_serialport_Android.cpp; sourceTree = SOURCE_ROOT; };
		7C679D860C30B4FC2AED45B2 /* RecentFilesMenuTemplate.nib */ /* RecentFilesMenuTemplate.nib */ = {isa = PBXFileReference; lastKnownFileType = file.nib; name = RecentFilesMenuTemplate.nib; path = RecentFilesMenuTemplate.nib; sourceTree = SOURCE_ROOT; };
		81046F047969BD251108890D /* README.md */ /* README.md */ = {isa = PBXFileReference; lastKnownFileType = file.md; name = README.md; path = ../../README.md; sourceTree = SOURCE_ROOT; };
		84BE01A3BFF80CCDF5B63BC4 /* ConfigPanel.h */ /* ConfigPanel.h */ = {isa = PBXFileReference; lastKnownFileType = sourcecode.c.h; name = ConfigPanel.h; path = ../../Source/ConfigPanel.h; sourceTree = SOURCE_ROOT; };
		91F7D819692357FB4088E88A /* Info-App.plist */ /* Info-App.plist */ = {isa = PBXFileReference; lastKnownFileType = text.plist.xml; name = "Info-App.plist"; path = "Info-App.plist"; sourceTree = SOURCE_ROOT; };
		9642C3F631961B5404DA918F /* juce_data_structures */ /* juce_data_structures */ = {isa = PBXFileReference; lastKnownFileType = folder; name = juce_data_structures; path = /Users/robin/Documents/code/JUCE/modules/juce_data_structures; sourceTree = "<absolute>"; };
		A5A7B0652516DBF3B002EE02 /* juce_graphics */ /* juce_graphics */ = {isa = PBXFileReference; lastKnownFileType = folder; name = juce_graphics; path = /Users/robin/Documents/code/JUCE/modules/juce_graphics; sourceTree = "<absolute>"; };
		B5603C3B0CBC051B616A1903 /* juce_events */ /* juce_events */ = {isa = PBXFileReference; lastKnownFileType = folder; name = juce_events; path = /Users/robin/Documents/code/JUCE/modules/juce_events; sourceTree = "<absolute>"; };
		C063EC979C044D700B56B8D3 /* Main.cpp */ /* Main.cpp */ = {isa = PBXFileReference; lastKnownFileType = sourcecode.cpp.cpp; name = Main.cpp; path = ../../Source/Main.cpp; sourceTree = SOURCE_ROOT; };
		C335399A3C6DBF0408956F88 /* App */ = {isa = PBXFileReference; explicitFileType = wrapper.application; includeInIndex = 0; path = "dsp-ctrl.app"; sourceTree = BUILT_PRODUCTS_DIR; };
		C36EAE4DE54D2B2170E590AE /* ConfigPanel.cpp */ /* ConfigPanel.cpp */ = {isa = PBXFileReference; lastKnownFileType = sourcecode.cpp.cpp; name = ConfigPanel.cpp; path = ../../Source/ConfigPanel.cpp; sourceTree = SOURCE_ROOT; };
		DDB00DA938E7FDED39262BBB /* juce_serialport.h */ /* juce_serialport.h */ = {isa = PBXFileReference; lastKnownFileType = sourcecode.c.h; name = juce_serialport.h; path = ../../Source/Components/juce_serialport/juce_serialport.h; sourceTree = SOURCE_ROOT; };
		E305ABB25A43C685CC41B08A /* Cocoa.framework */ /* Cocoa.framework */ = {isa = PBXFileReference; lastKnownFileType = wrapper.framework; name = Cocoa.framework; path = System/Library/Frameworks/Cocoa.framework; sourceTree = SDKROOT; };
		E59CE7D6077FD1CB364E6F6C /* include_juce_graphics.mm */ /* include_juce_graphics.mm */ = {isa = PBXFileReference; lastKnownFileType = sourcecode.cpp.objcpp; name = include_juce_graphics.mm; path = ../../JuceLibraryCode/include_juce_graphics.mm; sourceTree = SOURCE_ROOT; };
		E73C1A9C1F57C940C9C4A564 /* Accelerate.framework */ /* Accelerate.framework */ = {isa = PBXFileReference; lastKnownFileType = wrapper.framework; name = Accelerate.framework; path = System/Library/Frameworks/Accelerate.framework; sourceTree = SDKROOT; };
		F18E77289B0B88FF4FE390E2 /* juce_serialport_Windows.cpp */ /* juce_serialport_Windows.cpp */ = {isa = PBXFileReference; lastKnownFileType = sourcecode.cpp.cpp; name = juce_serialport_Windows.cpp; path = ../../Source/Components/juce_serialport/juce_serialport_Windows.cpp; sourceTree = SOURCE_ROOT; };
		F4D2039A2E8BD073234FE142 /* README.md */ /* README.md */ = {isa = PBXFileReference; lastKnownFileType = file.md; name = README.md; path = ../../Source/Components/juce_serialport/README.md; sourceTree = SOURCE_ROOT; };
		F6499319290A55138B9053BD /* include_juce_core.mm */ /* include_juce_core.mm */ = {isa = PBXFileReference; lastKnownFileType = sourcecode.cpp.objcpp; name = include_juce_core.mm; path = ../../JuceLibraryCode/include_juce_core.mm; sourceTree = SOURCE_ROOT; };
		F9451A9C5E3F7CD4CF0380BA /* MainComponent.cpp */ /* MainComponent.cpp */ = {isa = PBXFileReference; lastKnownFileType = sourcecode.cpp.cpp; name = MainComponent.cpp; path = ../../Source/MainComponent.cpp; sourceTree = SOURCE_ROOT; };
/* End PBXFileReference section */

/* Begin PBXFrameworksBuildPhase section */
		8DBEF986C942B72C8F105D63 = {
			isa = PBXFrameworksBuildPhase;
			buildActionMask = 2147483647;
			files = (
				9C5572F780866BCEBB598F5B,
				BFE1598606677DFF28DF810A,
				3F6CC18F360B057A9B661889,
				53E7C38AD9AC91FB89BB4DAF,
				80D2E9B092E21BAB8EC39654,
			);
			runOnlyForDeploymentPostprocessing = 0;
		};
/* End PBXFrameworksBuildPhase section */

/* Begin PBXGroup section */
		0E0C4E45766409FF41BE626A /* dsp-ctrl */ = {
			isa = PBXGroup;
			children = (
				AAF3B86E61ACE5620DC2FF6D,
				81046F047969BD251108890D,
			);
			name = "dsp-ctrl";
			sourceTree = "<group>";
		};
		150C82A0BBD17A337CDD0951 /* JUCE Modules */ = {
			isa = PBXGroup;
			children = (
				1CEC10C2EA58AAB3F69F3D92,
				25025E5DB6DDED277E12B291,
				9642C3F631961B5404DA918F,
				B5603C3B0CBC051B616A1903,
				A5A7B0652516DBF3B002EE02,
				4CDB30C24D3A4A7E331175BC,
			);
			name = "JUCE Modules";
			sourceTree = "<group>";
		};
		273745B5DE0649ABE66DCB9A /* Components */ = {
			isa = PBXGroup;
			children = (
				5A58B6D40D57C357A32677EF,
			);
			name = Components;
			sourceTree = "<group>";
		};
		53E80B99A102FABFC9ED7F41 /* Resources */ = {
			isa = PBXGroup;
			children = (
				91F7D819692357FB4088E88A,
				7C679D860C30B4FC2AED45B2,
			);
			name = Resources;
			sourceTree = "<group>";
		};
		5A58B6D40D57C357A32677EF /* juce_serialport */ = {
			isa = PBXGroup;
			children = (
				F68BE50E86AA72E28E20FB23,
				DDB00DA938E7FDED39262BBB,
				7B85D3449D4A1FE041F5908F,
				68C12A8695CC30C8C59DA8FD,
				55B7F5AF452B2C47BFB7F4F4,
				F18E77289B0B88FF4FE390E2,
				F4D2039A2E8BD073234FE142,
			);
			name = juce_serialport;
			sourceTree = "<group>";
		};
		6146E5FC54E8A64F9DFB61AC /* Products */ = {
			isa = PBXGroup;
			children = (
				C335399A3C6DBF0408956F88,
			);
			name = Products;
			sourceTree = "<group>";
		};
		639B21D9971622EF953E7154 /* juce_serial */ = {
			isa = PBXGroup;
			children = (
				71C0B5100499883F9D724FA8,
			);
			name = juce_serial;
			sourceTree = "<group>";
		};
		733941CE30ACE3E1A23CC345 /* Source */ = {
			isa = PBXGroup;
			children = (
				0E0C4E45766409FF41BE626A,
				150C82A0BBD17A337CDD0951,
				AE6196476FB8ED366F262A82,
				53E80B99A102FABFC9ED7F41,
				E6260348D845B074BFF736B7,
				6146E5FC54E8A64F9DFB61AC,
			);
			name = Source;
			sourceTree = "<group>";
		};
		AAF3B86E61ACE5620DC2FF6D /* Source */ = {
			isa = PBXGroup;
			children = (
				C36EAE4DE54D2B2170E590AE,
				84BE01A3BFF80CCDF5B63BC4,
				0552484E8C627BB9F3CE3650,
				28A6D8273D83549ABB0C9DCC,
				273745B5DE0649ABE66DCB9A,
				75E9CF8C83541E490E3E6E39,
				C063EC979C044D700B56B8D3,
				06CC506C360D8996EE54F983,
				F9451A9C5E3F7CD4CF0380BA,
			);
			name = Source;
			sourceTree = "<group>";
		};
		AE6196476FB8ED366F262A82 /* JUCE Library Code */ = {
			isa = PBXGroup;
			children = (
				365EA47AD3207C4ECB4DC629,
				185267F3B7427FEFE9083C1A,
				04FD75283107C53788DFCC6D,
				F6499319290A55138B9053BD,
				6C96F4FD394E41A32264BC7F,
				4B630493BFABEB6CD35DEA49,
				E59CE7D6077FD1CB364E6F6C,
				5584D878F8A108156F9F22E1,
				5C12CB2EE77B0C4C188916B6,
			);
			name = "JUCE Library Code";
			sourceTree = "<group>";
		};
		C8189E520EAFB66FEA94220F /* artiphon */ = {
			isa = PBXGroup;
			children = (
				639B21D9971622EF953E7154,
			);
			name = artiphon;
			sourceTree = "<group>";
		};
		E6260348D845B074BFF736B7 /* Frameworks */ = {
			isa = PBXGroup;
			children = (
				E73C1A9C1F57C940C9C4A564,
				E305ABB25A43C685CC41B08A,
				6FD23176BCA6775D8EF0638B,
				1E3A2423284A8EE8E13FF8A1,
				610FE3E74769BFDAEFB8AA8F,
			);
			name = Frameworks;
			sourceTree = "<group>";
		};
		F68BE50E86AA72E28E20FB23 /* com */ = {
			isa = PBXGroup;
			children = (
				C8189E520EAFB66FEA94220F,
			);
			name = com;
			sourceTree = "<group>";
		};
/* End PBXGroup section */

/* Begin PBXNativeTarget section */
		025AB093FABA3EA9BBE3583F /* dsp-ctrl - App */ = {
			isa = PBXNativeTarget;
			buildConfigurationList = D5EBC3112A140B2C21C43019;
			buildPhases = (
				612EBD332919310D45A62EA8,
				6F7DD06F433A1BAB79898F79,
				8DBEF986C942B72C8F105D63,
			);
			buildRules = (
			);
			dependencies = (
			);
			name = "dsp-ctrl - App";
			productName = "dsp-ctrl";
			productReference = C335399A3C6DBF0408956F88;
			productType = "com.apple.product-type.application";
		};
/* End PBXNativeTarget section */

/* Begin PBXProject section */
		F232CCD6A6AB175FDADFE563 = {
			isa = PBXProject;
			attributes = {
				LastUpgradeCheck = 1340;
				ORGANIZATIONNAME = "";
				TargetAttributes = {
					025AB093FABA3EA9BBE3583F = {
						SystemCapabilities = {
							com.apple.ApplicationGroups.iOS = {
								enabled = 0;
							};
							com.apple.HardenedRuntime = {
								enabled = 0;
							};
							com.apple.InAppPurchase = {
								enabled = 0;
							};
							com.apple.InterAppAudio = {
								enabled = 0;
							};
							com.apple.Push = {
								enabled = 0;
							};
							com.apple.Sandbox = {
								enabled = 0;
							};
						};
					};
				};
			};
			buildConfigurationList = B0AEAF0670ED5039E4BAD9F2;
			compatibilityVersion = "Xcode 3.2";
			hasScannedForEncodings = 0;
			knownRegions = (
				en,
				Base,
			);
			mainGroup = 733941CE30ACE3E1A23CC345;
			projectDirPath = "";
			projectRoot = "";
			targets = (
				025AB093FABA3EA9BBE3583F,
			);
		};
/* End PBXProject section */

/* Begin PBXResourcesBuildPhase section */
		612EBD332919310D45A62EA8 = {
			isa = PBXResourcesBuildPhase;
			buildActionMask = 2147483647;
			files = (
				FECA65DE2C3E957A7B26CF6E,
			);
			runOnlyForDeploymentPostprocessing = 0;
		};
/* End PBXResourcesBuildPhase section */

/* Begin PBXSourcesBuildPhase section */
		6F7DD06F433A1BAB79898F79 = {
			isa = PBXSourcesBuildPhase;
			buildActionMask = 2147483647;
			files = (
				4992F7DDF63071B00151DA1A,
				31ED7F7E05C93804FCAB7403,
				B3AC54257A2429250E99559F,
				2A0FD6EE9CAB3AA3C52DEE56,
				BCFB7AACCB873D4DCA5BB209,
				F4EBD72E3DF8B72CFE0B936D,
				798EC756B7254F657EC7DE5A,
				4C4E310BB47D33ED0ABC5BBB,
				37BA9C5B3BE970B30F9C77D1,
				8982D8859624C6E03F422333,
				B8EFC9219B96CD0D9B1A047E,
				E3802BD82ACF7CB046597707,
				A1512A511E4699983C92164F,
				2B624E4D12279A5EDC25B0FD,
				48C3CA93BEBCB8A4703C786B,
				21251246CF7938D5A8F8DF08,
			);
			runOnlyForDeploymentPostprocessing = 0;
		};
/* End PBXSourcesBuildPhase section */

/* Begin XCBuildConfiguration section */
		7547D36F76A00B64C28B08AD /* Debug */ = {
			isa = XCBuildConfiguration;
			buildSettings = {
				ALWAYS_SEARCH_USER_PATHS = NO;
				CLANG_ENABLE_OBJC_WEAK = YES;
				CLANG_WARN_BLOCK_CAPTURE_AUTORELEASING = YES;
				CLANG_WARN_BOOL_CONVERSION = YES;
				CLANG_WARN_COMMA = YES;
				CLANG_WARN_CONSTANT_CONVERSION = YES;
				CLANG_WARN_DEPRECATED_OBJC_IMPLEMENTATIONS = YES;
				CLANG_WARN_EMPTY_BODY = YES;
				CLANG_WARN_ENUM_CONVERSION = YES;
				CLANG_WARN_INFINITE_RECURSION = YES;
				CLANG_WARN_INT_CONVERSION = YES;
				CLANG_WARN_NON_LITERAL_NULL_CONVERSION = YES;
				CLANG_WARN_OBJC_IMPLICIT_RETAIN_SELF = YES;
				CLANG_WARN_OBJC_LITERAL_CONVERSION = YES;
				CLANG_WARN_RANGE_LOOP_ANALYSIS = YES;
				CLANG_WARN_STRICT_PROTOTYPES = YES;
				CLANG_WARN_SUSPICIOUS_MOVE = YES;
				CLANG_WARN_UNREACHABLE_CODE = YES;
				CLANG_WARN__DUPLICATE_METHOD_MATCH = YES;
				CODE_SIGN_IDENTITY = "";
				DEBUG_INFORMATION_FORMAT = dwarf;
				ENABLE_STRICT_OBJC_MSGSEND = YES;
				ENABLE_TESTABILITY = NO;
				GCC_C_LANGUAGE_STANDARD = c11;
				GCC_INLINES_ARE_PRIVATE_EXTERN = YES;
				GCC_MODEL_TUNING = G5;
				GCC_NO_COMMON_BLOCKS = YES;
				GCC_SYMBOLS_PRIVATE_EXTERN = YES;
				GCC_WARN_64_TO_32_BIT_CONVERSION = YES;
				GCC_WARN_ABOUT_RETURN_TYPE = YES;
				GCC_WARN_CHECK_SWITCH_STATEMENTS = YES;
				GCC_WARN_MISSING_PARENTHESES = YES;
				GCC_WARN_NON_VIRTUAL_DESTRUCTOR = YES;
				GCC_WARN_TYPECHECK_CALLS_TO_PRINTF = YES;
				GCC_WARN_UNDECLARED_SELECTOR = YES;
				GCC_WARN_UNINITIALIZED_AUTOS = YES;
				GCC_WARN_UNUSED_FUNCTION = YES;
				GCC_WARN_UNUSED_VARIABLE = YES;
				ONLY_ACTIVE_ARCH = YES;
				PRODUCT_NAME = "dsp-ctrl";
				SDKROOT = macosx;
				WARNING_CFLAGS = "-Wreorder";
				ZERO_LINK = NO;
			};
			name = Debug;
		};
		79304B1D22F73F924E20B9DF /* Release */ = {
			isa = XCBuildConfiguration;
			buildSettings = {
				ALWAYS_SEARCH_USER_PATHS = NO;
				CLANG_ENABLE_OBJC_WEAK = YES;
				CLANG_WARN_BLOCK_CAPTURE_AUTORELEASING = YES;
				CLANG_WARN_BOOL_CONVERSION = YES;
				CLANG_WARN_COMMA = YES;
				CLANG_WARN_CONSTANT_CONVERSION = YES;
				CLANG_WARN_DEPRECATED_OBJC_IMPLEMENTATIONS = YES;
				CLANG_WARN_EMPTY_BODY = YES;
				CLANG_WARN_ENUM_CONVERSION = YES;
				CLANG_WARN_INFINITE_RECURSION = YES;
				CLANG_WARN_INT_CONVERSION = YES;
				CLANG_WARN_NON_LITERAL_NULL_CONVERSION = YES;
				CLANG_WARN_OBJC_IMPLICIT_RETAIN_SELF = YES;
				CLANG_WARN_OBJC_LITERAL_CONVERSION = YES;
				CLANG_WARN_RANGE_LOOP_ANALYSIS = YES;
				CLANG_WARN_STRICT_PROTOTYPES = YES;
				CLANG_WARN_SUSPICIOUS_MOVE = YES;
				CLANG_WARN_UNREACHABLE_CODE = YES;
				CLANG_WARN__DUPLICATE_METHOD_MATCH = YES;
				CODE_SIGN_IDENTITY = "";
				DEBUG_INFORMATION_FORMAT = dwarf;
				ENABLE_STRICT_OBJC_MSGSEND = YES;
				ENABLE_TESTABILITY = NO;
				GCC_C_LANGUAGE_STANDARD = c11;
				GCC_INLINES_ARE_PRIVATE_EXTERN = YES;
				GCC_MODEL_TUNING = G5;
				GCC_NO_COMMON_BLOCKS = YES;
				GCC_SYMBOLS_PRIVATE_EXTERN = YES;
				GCC_WARN_64_TO_32_BIT_CONVERSION = YES;
				GCC_WARN_ABOUT_RETURN_TYPE = YES;
				GCC_WARN_CHECK_SWITCH_STATEMENTS = YES;
				GCC_WARN_MISSING_PARENTHESES = YES;
				GCC_WARN_NON_VIRTUAL_DESTRUCTOR = YES;
				GCC_WARN_TYPECHECK_CALLS_TO_PRINTF = YES;
				GCC_WARN_UNDECLARED_SELECTOR = YES;
				GCC_WARN_UNINITIALIZED_AUTOS = YES;
				GCC_WARN_UNUSED_FUNCTION = YES;
				GCC_WARN_UNUSED_VARIABLE = YES;
				PRODUCT_NAME = "dsp-ctrl";
				SDKROOT = macosx;
				WARNING_CFLAGS = "-Wreorder";
				ZERO_LINK = NO;
			};
			name = Release;
		};
		B0366D5680D6A854A74C4629 /* Release */ = {
			isa = XCBuildConfiguration;
			buildSettings = {
				CLANG_CXX_LANGUAGE_STANDARD = "c++14";
				CLANG_CXX_LIBRARY = "libc++";
				CLANG_LINK_OBJC_RUNTIME = NO;
				CODE_SIGN_IDENTITY = "";
				COMBINE_HIDPI_IMAGES = YES;
				CONFIGURATION_BUILD_DIR = "$(PROJECT_DIR)/build/$(CONFIGURATION)";
				DEAD_CODE_STRIPPING = YES;
				EXCLUDED_ARCHS = "";
				GCC_GENERATE_DEBUGGING_SYMBOLS = NO;
				GCC_OPTIMIZATION_LEVEL = 3;
				GCC_PREPROCESSOR_DEFINITIONS = (
					"_NDEBUG=1",
					"NDEBUG=1",
					"JUCE_DISPLAY_SPLASH_SCREEN=1",
					"JUCE_USE_DARK_SPLASH_SCREEN=1",
					"JUCE_PROJUCER_VERSION=0x70002",
					"JUCE_MODULE_AVAILABLE_juce_audio_basics=1",
					"JUCE_MODULE_AVAILABLE_juce_core=1",
					"JUCE_MODULE_AVAILABLE_juce_data_structures=1",
					"JUCE_MODULE_AVAILABLE_juce_events=1",
					"JUCE_MODULE_AVAILABLE_juce_graphics=1",
					"JUCE_MODULE_AVAILABLE_juce_gui_basics=1",
					"JUCE_GLOBAL_MODULE_SETTINGS_INCLUDED=1",
					"JUCE_STRICT_REFCOUNTEDPOINTER=1",
					"JUCE_STANDALONE_APPLICATION=1",
					"JUCER_XCODE_MAC_F6D2F4CF=1",
					"JUCE_APP_VERSION=1.0.0",
					"JUCE_APP_VERSION_HEX=0x10000",
					"JucePlugin_Build_VST=0",
					"JucePlugin_Build_VST3=0",
					"JucePlugin_Build_AU=0",
					"JucePlugin_Build_AUv3=0",
					"JucePlugin_Build_AAX=0",
					"JucePlugin_Build_Standalone=0",
					"JucePlugin_Build_Unity=0",
					"JucePlugin_Build_LV2=0",
				);
				GCC_VERSION = com.apple.compilers.llvm.clang.1_0;
				HEADER_SEARCH_PATHS = (
					"$(SRCROOT)/../../JuceLibraryCode",
					"/Users/robin/Documents/code/JUCE/modules",
					"$(inherited)",
				);
				INFOPLIST_FILE = Info-App.plist;
				INFOPLIST_PREPROCESS = NO;
				INSTALL_PATH = "$(HOME)/Applications";
				LLVM_LTO = YES;
				MACOSX_DEPLOYMENT_TARGET = 10.11;
				MTL_HEADER_SEARCH_PATHS = "$(SRCROOT)/../../JuceLibraryCode /Users/robin/Documents/code/JUCE/modules";
				OTHER_LDFLAGS = "-weak_framework Metal -weak_framework MetalKit";
				PRODUCT_BUNDLE_IDENTIFIER = com.yourcompany.dspctrl;
				PRODUCT_NAME = "dsp-ctrl";
				USE_HEADERMAP = NO;
				VALID_ARCHS = "i386 x86_64 arm64 arm64e";
			};
			name = Release;
		};
		D399868A7EFF96BA1226431D /* Debug */ = {
			isa = XCBuildConfiguration;
			buildSettings = {
				CLANG_CXX_LANGUAGE_STANDARD = "c++14";
				CLANG_CXX_LIBRARY = "libc++";
				CLANG_LINK_OBJC_RUNTIME = NO;
				CODE_SIGN_IDENTITY = "";
				COMBINE_HIDPI_IMAGES = YES;
				CONFIGURATION_BUILD_DIR = "$(PROJECT_DIR)/build/$(CONFIGURATION)";
				COPY_PHASE_STRIP = NO;
				EXCLUDED_ARCHS = "";
				GCC_DYNAMIC_NO_PIC = NO;
				GCC_OPTIMIZATION_LEVEL = 0;
				GCC_PREPROCESSOR_DEFINITIONS = (
					"_DEBUG=1",
					"DEBUG=1",
					"JUCE_DISPLAY_SPLASH_SCREEN=1",
					"JUCE_USE_DARK_SPLASH_SCREEN=1",
					"JUCE_PROJUCER_VERSION=0x70002",
					"JUCE_MODULE_AVAILABLE_juce_audio_basics=1",
					"JUCE_MODULE_AVAILABLE_juce_core=1",
					"JUCE_MODULE_AVAILABLE_juce_data_structures=1",
					"JUCE_MODULE_AVAILABLE_juce_events=1",
					"JUCE_MODULE_AVAILABLE_juce_graphics=1",
					"JUCE_MODULE_AVAILABLE_juce_gui_basics=1",
					"JUCE_GLOBAL_MODULE_SETTINGS_INCLUDED=1",
					"JUCE_STRICT_REFCOUNTEDPOINTER=1",
					"JUCE_STANDALONE_APPLICATION=1",
					"JUCER_XCODE_MAC_F6D2F4CF=1",
					"JUCE_APP_VERSION=1.0.0",
					"JUCE_APP_VERSION_HEX=0x10000",
					"JucePlugin_Build_VST=0",
					"JucePlugin_Build_VST3=0",
					"JucePlugin_Build_AU=0",
					"JucePlugin_Build_AUv3=0",
					"JucePlugin_Build_AAX=0",
					"JucePlugin_Build_Standalone=0",
					"JucePlugin_Build_Unity=0",
					"JucePlugin_Build_LV2=0",
				);
				GCC_VERSION = com.apple.compilers.llvm.clang.1_0;
				HEADER_SEARCH_PATHS = (
					"$(SRCROOT)/../../JuceLibraryCode",
					"/Users/robin/Documents/code/JUCE/modules",
					"$(inherited)",
				);
				INFOPLIST_FILE = Info-App.plist;
				INFOPLIST_PREPROCESS = NO;
				INSTALL_PATH = "$(HOME)/Applications";
				MACOSX_DEPLOYMENT_TARGET = 10.11;
				MTL_HEADER_SEARCH_PATHS = "$(SRCROOT)/../../JuceLibraryCode /Users/robin/Documents/code/JUCE/modules";
				OTHER_LDFLAGS = "-weak_framework Metal -weak_framework MetalKit";
				PRODUCT_BUNDLE_IDENTIFIER = com.yourcompany.dspctrl;
				PRODUCT_NAME = "dsp-ctrl";
				USE_HEADERMAP = NO;
				VALID_ARCHS = "i386 x86_64 arm64 arm64e";
			};
			name = Debug;
		};
/* End XCBuildConfiguration section */

/* Begin XCConfigurationList section */
		B0AEAF0670ED5039E4BAD9F2 = {
			isa = XCConfigurationList;
			buildConfigurations = (
				7547D36F76A00B64C28B08AD,
				79304B1D22F73F924E20B9DF,
			);
			defaultConfigurationIsVisible = 0;
			defaultConfigurationName = Debug;
		};
		D5EBC3112A140B2C21C43019 = {
			isa = XCConfigurationList;
			buildConfigurations = (
				D399868A7EFF96BA1226431D,
				B0366D5680D6A854A74C4629,
			);
			defaultConfigurationIsVisible = 0;
			defaultConfigurationName = Debug;
		};
/* End XCConfigurationList section */
	};
	rootObject = F232CCD6A6AB175FDADFE563 /* Project object */;
}
